# This file was autogenerated by Stack.
# You should not edit this file by hand.
# For more information, please see the documentation at:
#   https://docs.haskellstack.org/en/stable/lock_files

packages: []
snapshots:
- completed:
    sha256: 6460bf705effd837fad0bd231abc26263e7fcd7266a6341f47c52d20c571f341
    size: 621458
    url: https://raw.githubusercontent.com/commercialhaskell/stackage-snapshots/master/nightly/2024/3/28.yaml
  original: nightly-2024-03-28
